
Microsoft Visual Studio Solution File, Format Version 12.00
# Visual Studio 15
VisualStudioVersion = 15.0.28307.572
MinimumVisualStudioVersion = 10.0.40219.1
Project("{FAE04EC0-301F-11D3-BF4B-00C04F79EFBC}") = "WebAPI.Common", "WebApi.Common\WebAPI.Common.csproj", "{90796A5C-CD98-43E9-BB72-3331C67E5282}"
EndProject
Project("{FAE04EC0-301F-11D3-BF4B-00C04F79EFBC}") = "WebAPI.Data", "WebAPI.Data\WebAPI.Data.csproj", "{B92706E1-131C-41B0-BE88-2393CC8225D4}"
EndProject
Project("{FAE04EC0-301F-11D3-BF4B-00C04F79EFBC}") = "WebAPI.Model", "WebAPI.Model\WebAPI.Model.csproj", "{D198CC59-25B6-404A-8FFD-36860CFECDAF}"
EndProject
Project("{FAE04EC0-301F-11D3-BF4B-00C04F79EFBC}") = "WebAPI.UnitTest", "WebAPI.UnitTest\WebAPI.UnitTest.csproj", "{EBCEB44C-EB86-4226-BF5A-4169D52E1EDB}"
EndProject
Project("{FAE04EC0-301F-11D3-BF4B-00C04F79EFBC}") = "WebApi.Service", "WebApi.Service\WebApi.Service.csproj", "{F1C48540-ECD4-4D59-A245-DC250CCEC3DB}"
EndProject
Project("{FAE04EC0-301F-11D3-BF4B-00C04F79EFBC}") = "WebAPI.Web", "WebAPI.Web\WebAPI.Web.csproj", "{B8E82369-5FDC-497C-ACC0-21FF8E2E4A00}"
EndProject
Global
	GlobalSection(SolutionConfigurationPlatforms) = preSolution
		Debug|Any CPU = Debug|Any CPU
		Release|Any CPU = Release|Any CPU
	EndGlobalSection
	GlobalSection(ProjectConfigurationPlatforms) = postSolution
		{90796A5C-CD98-43E9-BB72-3331C67E5282}.Debug|Any CPU.ActiveCfg = Debug|Any CPU
		{90796A5C-CD98-43E9-BB72-3331C67E5282}.Debug|Any CPU.Build.0 = Debug|Any CPU
		{90796A5C-CD98-43E9-BB72-3331C67E5282}.Release|Any CPU.ActiveCfg = Release|Any CPU
		{90796A5C-CD98-43E9-BB72-3331C67E5282}.Release|Any CPU.Build.0 = Release|Any CPU
		{B92706E1-131C-41B0-BE88-2393CC8225D4}.Debug|Any CPU.ActiveCfg = Debug|Any CPU
		{B92706E1-131C-41B0-BE88-2393CC8225D4}.Debug|Any CPU.Build.0 = Debug|Any CPU
		{B92706E1-131C-41B0-BE88-2393CC8225D4}.Release|Any CPU.ActiveCfg = Release|Any CPU
		{B92706E1-131C-41B0-BE88-2393CC8225D4}.Release|Any CPU.Build.0 = Release|Any CPU
		{D198CC59-25B6-404A-8FFD-36860CFECDAF}.Debug|Any CPU.ActiveCfg = Debug|Any CPU
		{D198CC59-25B6-404A-8FFD-36860CFECDAF}.Debug|Any CPU.Build.0 = Debug|Any CPU
		{D198CC59-25B6-404A-8FFD-36860CFECDAF}.Release|Any CPU.ActiveCfg = Release|Any CPU
		{D198CC59-25B6-404A-8FFD-36860CFECDAF}.Release|Any CPU.Build.0 = Release|Any CPU
		{EBCEB44C-EB86-4226-BF5A-4169D52E1EDB}.Debug|Any CPU.ActiveCfg = Debug|Any CPU
		{EBCEB44C-EB86-4226-BF5A-4169D52E1EDB}.Debug|Any CPU.Build.0 = Debug|Any CPU
		{EBCEB44C-EB86-4226-BF5A-4169D52E1EDB}.Release|Any CPU.ActiveCfg = Release|Any CPU
		{EBCEB44C-EB86-4226-BF5A-4169D52E1EDB}.Release|Any CPU.Build.0 = Release|Any CPU
		{F1C48540-ECD4-4D59-A245-DC250CCEC3DB}.Debug|Any CPU.ActiveCfg = Debug|Any CPU
		{F1C48540-ECD4-4D59-A245-DC250CCEC3DB}.Debug|Any CPU.Build.0 = Debug|Any CPU
		{F1C48540-ECD4-4D59-A245-DC250CCEC3DB}.Release|Any CPU.ActiveCfg = Release|Any CPU
		{F1C48540-ECD4-4D59-A245-DC250CCEC3DB}.Release|Any CPU.Build.0 = Release|Any CPU
		{B8E82369-5FDC-497C-ACC0-21FF8E2E4A00}.Debug|Any CPU.ActiveCfg = Debug|Any CPU
		{B8E82369-5FDC-497C-ACC0-21FF8E2E4A00}.Debug|Any CPU.Build.0 = Debug|Any CPU
		{B8E82369-5FDC-497C-ACC0-21FF8E2E4A00}.Release|Any CPU.ActiveCfg = Release|Any CPU
		{B8E82369-5FDC-497C-ACC0-21FF8E2E4A00}.Release|Any CPU.Build.0 = Release|Any CPU
	EndGlobalSection
	GlobalSection(SolutionProperties) = preSolution
		HideSolutionNode = FALSE
	EndGlobalSection
	GlobalSection(ExtensibilityGlobals) = postSolution
		SolutionGuid = {F919359F-E169-4D4E-BC85-2C9367AEA2CE}
	EndGlobalSection
EndGlobal
